{
    "_readme": [
        "This file locks the dependencies of your project to a known state",
        "Read more about it at https://getcomposer.org/doc/01-basic-usage.md#installing-dependencies",
        "This file is @generated automatically"
    ],
    "content-hash": "c6b866e2a712a8d9af0090dc86b57dcf",
    "packages": [
        {
            "name": "kavenegar/php",
            "version": "v1.2.2",
            "source": {
                "type": "git",
                "url": "https://github.com/kavenegar/kavenegar-php.git",
                "reference": "884561b8d8c91b01f7db25284c2be9923c809412"
            },
            "dist": {
                "type": "zip",
                "url": "https://api.github.com/repos/kavenegar/kavenegar-php/zipball/884561b8d8c91b01f7db25284c2be9923c809412",
                "reference": "884561b8d8c91b01f7db25284c2be9923c809412",
                "shasum": ""
            },
            "require": {
                "php": ">=5.4.0"
            },
            "type": "library",
            "autoload": {
                "psr-4": {
                    "Kavenegar\\": "src/"
                }
            },
            "notification-url": "https://packagist.org/downloads/",
            "license": [
                "MIT"
            ],
            "authors": [
                {
                    "name": "Kavenegar API Team",
                    "email": "support@kavenegar.com"
                }
            ],
            "description": "A PHP wrapper for Kavenegar's API",
            "homepage": "http://github.com/Kavenegar/kavenegar-php",
            "keywords": [
                "api",
                "kavenegar",
                "sms"
            ],
            "time": "2019-02-26T12:49:19+00:00"
        }
    ],
    "packages-dev": [],
    "aliases": [],
    "minimum-stability": "stable",
    "stability-flags": [],
    "prefer-stable": false,
    "prefer-lowest": false,
    "platform": [],
    "platform-dev": []
}
